<?xml version="1.0" encoding="utf-8"?>
<Project ToolsVersion="4.0" xmlns="http://schemas.microsoft.com/developer/msbuild/2003">
  <ItemGroup>
    <Filter Include="src">
      <UniqueIdentifier>{4FC737F1-C7A5-4376-A066-2A32D752A2FF}</UniqueIdentifier>
    </Filter>
    <Filter Include="headers">
      <UniqueIdentifier>{93995380-89BD-4b04-88EB-625FBE52EBFB}</UniqueIdentifier>
    </Filter>
    <Filter Include="assets">
      <UniqueIdentifier>{685a88e6-fbc8-479e-8305-bfd706b9dc45}</UniqueIdentifier>
    </Filter>
  </ItemGroup>
  <ItemGroup>
    <ClCompile Include="src\main.cpp">
      <Filter>src</Filter>
    </ClCompile>
    <ClCompile Include="src\Game.cpp">
      <Filter>src</Filter>
    </ClCompile>
    <ClCompile Include="src\Level.cpp">
      <Filter>src</Filter>
    </ClCompile>
    <ClCompile Include="src\MathUtils.cpp">
      <Filter>src</Filter>
    </ClCompile>
    <ClCompile Include="src\Timer.cpp">
      <Filter>src</Filter>
    </ClCompile>
    <ClCompile Include="src\TextureLoader.cpp">
      <Filter>src</Filter>
    </ClCompile>
    <ClCompile Include="src\Turret.cpp">
      <Filter>src</Filter>
    </ClCompile>
    <ClCompile Include="src\Unit.cpp">
      <Filter>src</Filter>
    </ClCompile>
    <ClCompile Include="src\Vector2D.cpp">
      <Filter>src</Filter>
    </ClCompile>
  </ItemGroup>
  <ItemGroup>
    <ClInclude Include="headers\GameConfig.h">
      <Filter>headers</Filter>
    </ClInclude>
    <ClInclude Include="headers\Game.h">
      <Filter>headers</Filter>
    </ClInclude>
    <ClInclude Include="headers\Level.h">
      <Filter>headers</Filter>
    </ClInclude>
    <ClInclude Include="headers\MathUtils.h">
      <Filter>headers</Filter>
    </ClInclude>
    <ClInclude Include="headers\Timer.h">
      <Filter>headers</Filter>
    </ClInclude>
    <ClInclude Include="headers\TextureLoader.h">
      <Filter>headers</Filter>
    </ClInclude>
    <ClInclude Include="headers\Turret.h">
      <Filter>headers</Filter>
    </ClInclude>
    <ClInclude Include="headers\Unit.h">
      <Filter>headers</Filter>
    </ClInclude>
    <ClInclude Include="headers\Vector2D.h">
      <Filter>headers</Filter>
    </ClInclude>
  </ItemGroup>
  <ItemGroup>
    <None Include="SDL2.dll" />
  </ItemGroup>
  <ItemGroup>
    <None Include="assets\Overlay.bmp">
      <Filter>assets</Filter>
    </None>
    <None Include="assets\Tile Arrow Down Left.bmp">
      <Filter>assets</Filter>
    </None>
    <None Include="assets\Tile Arrow Down Right.bmp">
      <Filter>assets</Filter>
    </None>
    <None Include="assets\Tile Arrow Down.bmp">
      <Filter>assets</Filter>
    </None>
    <None Include="assets\Tile Arrow Left.bmp">
      <Filter>assets</Filter>
    </None>
    <None Include="assets\Tile Arrow Right.bmp">
      <Filter>assets</Filter>
    </None>
    <None Include="assets\Tile Arrow Up Left.bmp">
      <Filter>assets</Filter>
    </None>
    <None Include="assets\Tile Arrow Up Right.bmp">
      <Filter>assets</Filter>
    </None>
    <None Include="assets\Tile Arrow Up.bmp">
      <Filter>assets</Filter>
    </None>
    <None Include="assets\Tile Empty.bmp">
      <Filter>assets</Filter>
    </None>
    <None Include="assets\Tile Target.bmp">
      <Filter>assets</Filter>
    </None>
    <None Include="assets\Tile Wall.bmp">
      <Filter>assets</Filter>
    </None>
    <None Include="assets\Unit.bmp">
      <Filter>assets</Filter>
    </None>
  </ItemGroup>
</Project>
